PODS:
  - Flutter (1.0.0)
  - verloop_flutter_sdk (0.0.4):
    - Flutter
    - VerloopSDKiOS (= 0.2.13)
  - VerloopSDKiOS (0.2.13)

DEPENDENCIES:
  - Flutter (from `Flutter`)
  - verloop_flutter_sdk (from `.symlinks/plugins/verloop_flutter_sdk/ios`)

SPEC REPOS:
  trunk:
    - VerloopSDKiOS

EXTERNAL SOURCES:
  Flutter:
    :path: Flutter
  verloop_flutter_sdk:
    :path: ".symlinks/plugins/verloop_flutter_sdk/ios"

SPEC CHECKSUMS:
  Flutter: e0871f40cf51350855a761d2e70bf5af5b9b5de7
  verloop_flutter_sdk: ff3eb6eac5a66f821da75fe6151d25e0006d2f19
  VerloopSDKiOS: 264442f5a14053eb354335debd536278d27762ac

PODFILE CHECKSUM: ce13d36744da294d67f8e460dbb7aed7c09bd7f4

COCOAPODS: 1.15.2
